
Microsoft Visual Studio Solution File, Format Version 12.00
# Visual Studio Version 17
VisualStudioVersion = 17.7.34018.315
MinimumVisualStudioVersion = 10.0.40219.1
Project("{FAE04EC0-301F-11D3-BF4B-00C04F79EFBC}") = "conversorTemperatura", "conversorTemperatura\conversorTemperatura.csproj", "{1E354B8A-F122-44F6-A98C-B7B96C0862DC}"
EndProject
Global
	GlobalSection(SolutionConfigurationPlatforms) = preSolution
		Debug|Any CPU = Debug|Any CPU
		Release|Any CPU = Release|Any CPU
	EndGlobalSection
	GlobalSection(ProjectConfigurationPlatforms) = postSolution
		{1E354B8A-F122-44F6-A98C-B7B96C0862DC}.Debug|Any CPU.ActiveCfg = Debug|Any CPU
		{1E354B8A-F122-44F6-A98C-B7B96C0862DC}.Debug|Any CPU.Build.0 = Debug|Any CPU
		{1E354B8A-F122-44F6-A98C-B7B96C0862DC}.Release|Any CPU.ActiveCfg = Release|Any CPU
		{1E354B8A-F122-44F6-A98C-B7B96C0862DC}.Release|Any CPU.Build.0 = Release|Any CPU
	EndGlobalSection
	GlobalSection(SolutionProperties) = preSolution
		HideSolutionNode = FALSE
	EndGlobalSection
	GlobalSection(ExtensibilityGlobals) = postSolution
		SolutionGuid = {6F064EA0-1AAA-4408-88C9-66314C42F78F}
	EndGlobalSection
EndGlobal
